
Microsoft Visual Studio Solution File, Format Version 12.00
# Visual Studio Version 17
VisualStudioVersion = 17.1.32328.378
MinimumVisualStudioVersion = 10.0.40219.1
Project("{FAE04EC0-301F-11D3-BF4B-00C04F79EFBC}") = "HarmonicNumberProgram", "HarmonicNumberProgram.csproj", "{EAD8E7D1-315B-4BFC-8445-C398DC9008EC}"
EndProject
Global
	GlobalSection(SolutionConfigurationPlatforms) = preSolution
		Debug|Any CPU = Debug|Any CPU
		Release|Any CPU = Release|Any CPU
	EndGlobalSection
	GlobalSection(ProjectConfigurationPlatforms) = postSolution
		{EAD8E7D1-315B-4BFC-8445-C398DC9008EC}.Debug|Any CPU.ActiveCfg = Debug|Any CPU
		{EAD8E7D1-315B-4BFC-8445-C398DC9008EC}.Debug|Any CPU.Build.0 = Debug|Any CPU
		{EAD8E7D1-315B-4BFC-8445-C398DC9008EC}.Release|Any CPU.ActiveCfg = Release|Any CPU
		{EAD8E7D1-315B-4BFC-8445-C398DC9008EC}.Release|Any CPU.Build.0 = Release|Any CPU
	EndGlobalSection
	GlobalSection(SolutionProperties) = preSolution
		HideSolutionNode = FALSE
	EndGlobalSection
	GlobalSection(ExtensibilityGlobals) = postSolution
		SolutionGuid = {5559AEAA-AC05-4463-841F-DCB3393F9998}
	EndGlobalSection
EndGlobal
